
Microsoft Visual Studio Solution File, Format Version 12.00
# Visual Studio 14
VisualStudioVersion = 14.0.25420.1
MinimumVisualStudioVersion = 10.0.40219.1
Project("{FAE04EC0-301F-11D3-BF4B-00C04F79EFBC}") = "Res", "Res\Res.csproj", "{3E0DB802-D093-46EA-8A26-995F0D93A570}"
EndProject
Project("{FAE04EC0-301F-11D3-BF4B-00C04F79EFBC}") = "Site", "Site\Site.csproj", "{BD4F7FC4-E1F5-428A-8C98-7384A9E76C63}"
EndProject
Project("{FAE04EC0-301F-11D3-BF4B-00C04F79EFBC}") = "Util", "Util\Util.csproj", "{CFA3485F-3FAC-444A-A93F-1EC45EB58B18}"
EndProject
Project("{FAE04EC0-301F-11D3-BF4B-00C04F79EFBC}") = "VideoConverter", "VideoConverter\VideoConverter.csproj", "{7EBE8D39-F600-4805-AAB6-C75799D34741}"
EndProject
Global
	GlobalSection(SolutionConfigurationPlatforms) = preSolution
		Debug|Any CPU = Debug|Any CPU
		Release|Any CPU = Release|Any CPU
	EndGlobalSection
	GlobalSection(ProjectConfigurationPlatforms) = postSolution
		{3E0DB802-D093-46EA-8A26-995F0D93A570}.Debug|Any CPU.ActiveCfg = Debug|Any CPU
		{3E0DB802-D093-46EA-8A26-995F0D93A570}.Debug|Any CPU.Build.0 = Debug|Any CPU
		{3E0DB802-D093-46EA-8A26-995F0D93A570}.Release|Any CPU.ActiveCfg = Release|Any CPU
		{3E0DB802-D093-46EA-8A26-995F0D93A570}.Release|Any CPU.Build.0 = Release|Any CPU
		{BD4F7FC4-E1F5-428A-8C98-7384A9E76C63}.Debug|Any CPU.ActiveCfg = Debug|Any CPU
		{BD4F7FC4-E1F5-428A-8C98-7384A9E76C63}.Debug|Any CPU.Build.0 = Debug|Any CPU
		{BD4F7FC4-E1F5-428A-8C98-7384A9E76C63}.Release|Any CPU.ActiveCfg = Release|Any CPU
		{BD4F7FC4-E1F5-428A-8C98-7384A9E76C63}.Release|Any CPU.Build.0 = Release|Any CPU
		{CFA3485F-3FAC-444A-A93F-1EC45EB58B18}.Debug|Any CPU.ActiveCfg = Debug|Any CPU
		{CFA3485F-3FAC-444A-A93F-1EC45EB58B18}.Debug|Any CPU.Build.0 = Debug|Any CPU
		{CFA3485F-3FAC-444A-A93F-1EC45EB58B18}.Release|Any CPU.ActiveCfg = Release|Any CPU
		{CFA3485F-3FAC-444A-A93F-1EC45EB58B18}.Release|Any CPU.Build.0 = Release|Any CPU
		{7EBE8D39-F600-4805-AAB6-C75799D34741}.Debug|Any CPU.ActiveCfg = Debug|Any CPU
		{7EBE8D39-F600-4805-AAB6-C75799D34741}.Debug|Any CPU.Build.0 = Debug|Any CPU
		{7EBE8D39-F600-4805-AAB6-C75799D34741}.Release|Any CPU.ActiveCfg = Release|Any CPU
		{7EBE8D39-F600-4805-AAB6-C75799D34741}.Release|Any CPU.Build.0 = Release|Any CPU
	EndGlobalSection
	GlobalSection(SolutionProperties) = preSolution
		HideSolutionNode = FALSE
	EndGlobalSection
	GlobalSection(ExtensibilityGlobals) = postSolution
		SolutionGuid = {3A52A010-7966-4883-9672-80ED3FD6F58C}
		VisualSVNWorkingCopyRoot = .
	EndGlobalSection
EndGlobal
